<?xml version="1.0" encoding="utf-8"?>
<Project ToolsVersion="4.0" xmlns="http://schemas.microsoft.com/developer/msbuild/2003">
  <ItemGroup>
    <Filter Include="src">
      <UniqueIdentifier>{df975e5b-5ae6-4a80-b852-e084d8586a6f}</UniqueIdentifier>
    </Filter>
    <Filter Include="WorldController">
      <UniqueIdentifier>{63f7d5a3-82ed-443c-a7ad-a403f072fe0f}</UniqueIdentifier>
    </Filter>
  </ItemGroup>
  <ItemGroup>
    <ClCompile Include="stdafx.cpp">
      <Filter>src</Filter>
    </ClCompile>
    <ClCompile Include="WorldController.cpp">
      <Filter>WorldController</Filter>
    </ClCompile>
  </ItemGroup>
  <ItemGroup>
    <ClInclude Include="stdafx.h">
      <Filter>src</Filter>
    </ClInclude>
    <ClInclude Include="WorldController.h">
      <Filter>WorldController</Filter>
    </ClInclude>
  </ItemGroup>
</Project>