<?xml version="1.0" encoding="utf-8"?>
<Project ToolsVersion="4.0" xmlns="http://schemas.microsoft.com/developer/msbuild/2003">
  <ItemGroup>
    <Filter Include="src">
      <UniqueIdentifier>{df975e5b-5ae6-4a80-b852-e084d8586a6f}</UniqueIdentifier>
    </Filter>
    <Filter Include="src\WorldController">
      <UniqueIdentifier>{63f7d5a3-82ed-443c-a7ad-a403f072fe0f}</UniqueIdentifier>
    </Filter>
    <Filter Include="src\WorldCreator">
      <UniqueIdentifier>{dfdbe8ff-a6fd-4278-99e3-bb80c54df202}</UniqueIdentifier>
    </Filter>
    <Filter Include="src\ObjectControllers">
      <UniqueIdentifier>{c39f967a-f296-410c-a443-8675f8260830}</UniqueIdentifier>
    </Filter>
    <Filter Include="src\PhysicsController">
      <UniqueIdentifier>{ab37f8c5-fcfb-40c0-ad98-deb0cd0a97d7}</UniqueIdentifier>
    </Filter>
  </ItemGroup>
  <ItemGroup>
    <ClCompile Include="stdafx.cpp">
      <Filter>src</Filter>
    </ClCompile>
    <ClCompile Include="WorldController.cpp">
      <Filter>src\WorldController</Filter>
    </ClCompile>
    <ClCompile Include="WorldCreator.cpp">
      <Filter>src\WorldCreator</Filter>
    </ClCompile>
    <ClCompile Include="IWorldController.cpp">
      <Filter>src\WorldController</Filter>
    </ClCompile>
    <ClCompile Include="CreatureController.cpp">
      <Filter>src\ObjectControllers</Filter>
    </ClCompile>
    <ClCompile Include="PhysicsController.cpp">
      <Filter>src\PhysicsController</Filter>
    </ClCompile>
  </ItemGroup>
  <ItemGroup>
    <ClInclude Include="stdafx.h">
      <Filter>src</Filter>
    </ClInclude>
    <ClInclude Include="WorldController.h">
      <Filter>src\WorldController</Filter>
    </ClInclude>
    <ClInclude Include="WorldCreator.h">
      <Filter>src\WorldCreator</Filter>
    </ClInclude>
    <ClInclude Include="WorldEvents.h">
      <Filter>src\WorldController</Filter>
    </ClInclude>
    <ClInclude Include="IWorldController.h">
      <Filter>src\WorldController</Filter>
    </ClInclude>
    <ClInclude Include="ModelControllersFwd.h">
      <Filter>src</Filter>
    </ClInclude>
    <ClInclude Include="CreatureController.h">
      <Filter>src\ObjectControllers</Filter>
    </ClInclude>
    <ClInclude Include="PhysicsController.h">
      <Filter>src\PhysicsController</Filter>
    </ClInclude>
  </ItemGroup>
</Project>