<?xml version="1.0" encoding="utf-8"?>
<Project ToolsVersion="4.0" xmlns="http://schemas.microsoft.com/developer/msbuild/2003">
  <ItemGroup>
    <Filter Include="src">
      <UniqueIdentifier>{12323689-fbde-4584-ab38-913445f28d9e}</UniqueIdentifier>
    </Filter>
    <Filter Include="src\World">
      <UniqueIdentifier>{501f01c0-3fd7-480e-9e8d-0ccea4031a0a}</UniqueIdentifier>
    </Filter>
    <Filter Include="src\Terrain">
      <UniqueIdentifier>{26c2a40c-31b1-41df-bf29-516c51af31bf}</UniqueIdentifier>
    </Filter>
    <Filter Include="src\Objects">
      <UniqueIdentifier>{b72243d8-ddd0-418a-9f09-10e116f535ed}</UniqueIdentifier>
    </Filter>
    <Filter Include="src\Actions">
      <UniqueIdentifier>{651ab460-0843-4b75-8500-67fa1b18f060}</UniqueIdentifier>
    </Filter>
  </ItemGroup>
  <ItemGroup>
    <ClCompile Include="stdafx.cpp">
      <Filter>src</Filter>
    </ClCompile>
    <ClCompile Include="World.cpp">
      <Filter>src\World</Filter>
    </ClCompile>
    <ClCompile Include="Terrain.cpp">
      <Filter>src\Terrain</Filter>
    </ClCompile>
    <ClCompile Include="Object.cpp">
      <Filter>src\Objects</Filter>
    </ClCompile>
    <ClCompile Include="HeightMap.cpp">
      <Filter>src\Terrain</Filter>
    </ClCompile>
    <ClCompile Include="Creature.cpp">
      <Filter>src\Objects</Filter>
    </ClCompile>
  </ItemGroup>
  <ItemGroup>
    <ClInclude Include="stdafx.h">
      <Filter>src</Filter>
    </ClInclude>
    <ClInclude Include="World.h">
      <Filter>src\World</Filter>
    </ClInclude>
    <ClInclude Include="Terrain.h">
      <Filter>src\Terrain</Filter>
    </ClInclude>
    <ClInclude Include="ModelFwd.h">
      <Filter>src</Filter>
    </ClInclude>
    <ClInclude Include="Object.h">
      <Filter>src\Objects</Filter>
    </ClInclude>
    <ClInclude Include="IAction.h">
      <Filter>src\Actions</Filter>
    </ClInclude>
    <ClInclude Include="ActionMoveTo.h">
      <Filter>src\Actions</Filter>
    </ClInclude>
    <ClInclude Include="HeightMap.h">
      <Filter>src\Terrain</Filter>
    </ClInclude>
    <ClInclude Include="ActionIdle.h">
      <Filter>src\Actions</Filter>
    </ClInclude>
    <ClInclude Include="ObjectProperty.h">
      <Filter>src\Objects</Filter>
    </ClInclude>
    <ClInclude Include="Creature.h">
      <Filter>src\Objects</Filter>
    </ClInclude>
  </ItemGroup>
</Project>