
Microsoft Visual Studio Solution File, Format Version 12.00
# Visual Studio 15
VisualStudioVersion = 15.0.27428.2027
MinimumVisualStudioVersion = 10.0.40219.1
Project("{8BC9CEB8-8B4A-11D0-8D11-00A0C91BC942}") = "DirectXTK_Desktop_2017_Win10", "..\DirectXTK\DirectXTK_Desktop_2017_Win10.vcxproj", "{E0B52AE7-E160-4D32-BF3F-910B785E5A8E}"
EndProject
Project("{8BC9CEB8-8B4A-11D0-8D11-00A0C91BC942}") = "Flyer_old", "Flyer_old\Flyer_old.vcxproj", "{8AFA0973-21CB-4C39-9307-270839168E12}"
EndProject
Project("{8BC9CEB8-8B4A-11D0-8D11-00A0C91BC942}") = "Model", "Model\Model.vcxproj", "{B8EDF070-B535-401C-A1B7-55C6A2616BE0}"
EndProject
Project("{8BC9CEB8-8B4A-11D0-8D11-00A0C91BC942}") = "Sdk", "Sdk\Sdk.vcxproj", "{C3769846-23D5-4C3D-A181-BF10AD03F9A8}"
EndProject
Project("{8BC9CEB8-8B4A-11D0-8D11-00A0C91BC942}") = "ModelControllers", "ModelControllers\ModelControllers.vcxproj", "{070F5605-E5AA-477B-9B3D-65DCF70E2E91}"
EndProject
Global
	GlobalSection(SolutionConfigurationPlatforms) = preSolution
		Debug|x64 = Debug|x64
		Debug|x86 = Debug|x86
		Release|x64 = Release|x64
		Release|x86 = Release|x86
	EndGlobalSection
	GlobalSection(ProjectConfigurationPlatforms) = postSolution
		{E0B52AE7-E160-4D32-BF3F-910B785E5A8E}.Debug|x64.ActiveCfg = Debug|x64
		{E0B52AE7-E160-4D32-BF3F-910B785E5A8E}.Debug|x64.Build.0 = Debug|x64
		{E0B52AE7-E160-4D32-BF3F-910B785E5A8E}.Debug|x86.ActiveCfg = Debug|Win32
		{E0B52AE7-E160-4D32-BF3F-910B785E5A8E}.Debug|x86.Build.0 = Debug|Win32
		{E0B52AE7-E160-4D32-BF3F-910B785E5A8E}.Release|x64.ActiveCfg = Release|x64
		{E0B52AE7-E160-4D32-BF3F-910B785E5A8E}.Release|x64.Build.0 = Release|x64
		{E0B52AE7-E160-4D32-BF3F-910B785E5A8E}.Release|x86.ActiveCfg = Release|Win32
		{E0B52AE7-E160-4D32-BF3F-910B785E5A8E}.Release|x86.Build.0 = Release|Win32
		{8AFA0973-21CB-4C39-9307-270839168E12}.Debug|x64.ActiveCfg = Debug|x64
		{8AFA0973-21CB-4C39-9307-270839168E12}.Debug|x86.ActiveCfg = Debug|Win32
		{8AFA0973-21CB-4C39-9307-270839168E12}.Release|x64.ActiveCfg = Release|x64
		{8AFA0973-21CB-4C39-9307-270839168E12}.Release|x86.ActiveCfg = Release|Win32
		{B8EDF070-B535-401C-A1B7-55C6A2616BE0}.Debug|x64.ActiveCfg = Debug|x64
		{B8EDF070-B535-401C-A1B7-55C6A2616BE0}.Debug|x64.Build.0 = Debug|x64
		{B8EDF070-B535-401C-A1B7-55C6A2616BE0}.Debug|x86.ActiveCfg = Debug|Win32
		{B8EDF070-B535-401C-A1B7-55C6A2616BE0}.Debug|x86.Build.0 = Debug|Win32
		{B8EDF070-B535-401C-A1B7-55C6A2616BE0}.Release|x64.ActiveCfg = Release|x64
		{B8EDF070-B535-401C-A1B7-55C6A2616BE0}.Release|x64.Build.0 = Release|x64
		{B8EDF070-B535-401C-A1B7-55C6A2616BE0}.Release|x86.ActiveCfg = Release|Win32
		{B8EDF070-B535-401C-A1B7-55C6A2616BE0}.Release|x86.Build.0 = Release|Win32
		{C3769846-23D5-4C3D-A181-BF10AD03F9A8}.Debug|x64.ActiveCfg = Debug|x64
		{C3769846-23D5-4C3D-A181-BF10AD03F9A8}.Debug|x64.Build.0 = Debug|x64
		{C3769846-23D5-4C3D-A181-BF10AD03F9A8}.Debug|x86.ActiveCfg = Debug|Win32
		{C3769846-23D5-4C3D-A181-BF10AD03F9A8}.Debug|x86.Build.0 = Debug|Win32
		{C3769846-23D5-4C3D-A181-BF10AD03F9A8}.Release|x64.ActiveCfg = Release|x64
		{C3769846-23D5-4C3D-A181-BF10AD03F9A8}.Release|x64.Build.0 = Release|x64
		{C3769846-23D5-4C3D-A181-BF10AD03F9A8}.Release|x86.ActiveCfg = Release|Win32
		{C3769846-23D5-4C3D-A181-BF10AD03F9A8}.Release|x86.Build.0 = Release|Win32
		{070F5605-E5AA-477B-9B3D-65DCF70E2E91}.Debug|x64.ActiveCfg = Debug|x64
		{070F5605-E5AA-477B-9B3D-65DCF70E2E91}.Debug|x64.Build.0 = Debug|x64
		{070F5605-E5AA-477B-9B3D-65DCF70E2E91}.Debug|x86.ActiveCfg = Debug|Win32
		{070F5605-E5AA-477B-9B3D-65DCF70E2E91}.Debug|x86.Build.0 = Debug|Win32
		{070F5605-E5AA-477B-9B3D-65DCF70E2E91}.Release|x64.ActiveCfg = Release|x64
		{070F5605-E5AA-477B-9B3D-65DCF70E2E91}.Release|x64.Build.0 = Release|x64
		{070F5605-E5AA-477B-9B3D-65DCF70E2E91}.Release|x86.ActiveCfg = Release|Win32
		{070F5605-E5AA-477B-9B3D-65DCF70E2E91}.Release|x86.Build.0 = Release|Win32
	EndGlobalSection
	GlobalSection(SolutionProperties) = preSolution
		HideSolutionNode = FALSE
	EndGlobalSection
	GlobalSection(ExtensibilityGlobals) = postSolution
		SolutionGuid = {60F3AF3C-4EBC-4A83-80BA-51E9A60F0551}
	EndGlobalSection
EndGlobal
