
Microsoft Visual Studio Solution File, Format Version 12.00
# Visual Studio 15
VisualStudioVersion = 15.0.27428.2027
MinimumVisualStudioVersion = 10.0.40219.1
Project("{8BC9CEB8-8B4A-11D0-8D11-00A0C91BC942}") = "DirectXTK_Desktop_2017_Win10", "..\DirectXTK\DirectXTK_Desktop_2017_Win10.vcxproj", "{E0B52AE7-E160-4D32-BF3F-910B785E5A8E}"
EndProject
Project("{8BC9CEB8-8B4A-11D0-8D11-00A0C91BC942}") = "Model", "Model\Model.vcxproj", "{B8EDF070-B535-401C-A1B7-55C6A2616BE0}"
EndProject
Project("{8BC9CEB8-8B4A-11D0-8D11-00A0C91BC942}") = "ModelControllers", "ModelControllers\ModelControllers.vcxproj", "{070F5605-E5AA-477B-9B3D-65DCF70E2E91}"
EndProject
Project("{8BC9CEB8-8B4A-11D0-8D11-00A0C91BC942}") = "App", "App\App.vcxproj", "{EA83D09B-8C94-4CFB-9A35-37FBA6847F5D}"
EndProject
Project("{8BC9CEB8-8B4A-11D0-8D11-00A0C91BC942}") = "Engine", "Engine\Engine.vcxproj", "{17A3D436-30FA-43C5-BB09-61FD18E00DD2}"
EndProject
Project("{8BC9CEB8-8B4A-11D0-8D11-00A0C91BC942}") = "RenderApi", "RenderApi\RenderApi.vcxproj", "{27FCDF2C-D499-4F8E-A388-494AB948F151}"
EndProject
Project("{8BC9CEB8-8B4A-11D0-8D11-00A0C91BC942}") = "ViewModel", "ViewModel\ViewModel.vcxproj", "{2282D273-7EAA-4E3B-BC6B-A340C66E3E98}"
EndProject
Project("{8BC9CEB8-8B4A-11D0-8D11-00A0C91BC942}") = "InputApi", "InputApi\InputApi.vcxproj", "{CB7D9BCB-B2B7-4DA6-B867-0896B3781C26}"
EndProject
Project("{8BC9CEB8-8B4A-11D0-8D11-00A0C91BC942}") = "GuiModel", "GuiModel\GuiModel.vcxproj", "{204D0F51-A45E-425D-B282-E21B03BEF365}"
EndProject
Project("{8BC9CEB8-8B4A-11D0-8D11-00A0C91BC942}") = "GuiController", "GuiController\GuiController.vcxproj", "{78586700-4219-4506-B698-2F07F3814225}"
EndProject
Project("{8BC9CEB8-8B4A-11D0-8D11-00A0C91BC942}") = "FbxImporter", "..\FbxImporter\FbxImporter\FbxImporter.vcxproj", "{93A8FAC3-09CF-4A8E-8AFB-55A7846799EA}"
EndProject
Project("{2150E333-8FDC-42A3-9474-1A3956D46DE8}") = "Apps", "Apps", "{7B6E18FB-CD79-49C4-97C5-D086D5695059}"
EndProject
Project("{2150E333-8FDC-42A3-9474-1A3956D46DE8}") = "Libs", "Libs", "{439BAB3F-1C64-4D17-831B-BD8651DD1254}"
EndProject
Project("{2150E333-8FDC-42A3-9474-1A3956D46DE8}") = "Common", "Common", "{46F591EA-5171-40EC-94A6-1EB12E75A490}"
EndProject
Project("{8BC9CEB8-8B4A-11D0-8D11-00A0C91BC942}") = "ModelViewer", "ModelViewer\ModelViewer.vcxproj", "{582FD1E7-6658-4011-AE11-087EA6673D9F}"
EndProject
Project("{8BC9CEB8-8B4A-11D0-8D11-00A0C91BC942}") = "LaggySdk", "..\LaggySdk\LaggySdk\LaggySdk.vcxproj", "{26F606C5-4239-49F0-B3D4-C358526C2325}"
EndProject
Global
	GlobalSection(SolutionConfigurationPlatforms) = preSolution
		Debug|x64 = Debug|x64
		Debug|x86 = Debug|x86
		Release|x64 = Release|x64
		Release|x86 = Release|x86
	EndGlobalSection
	GlobalSection(ProjectConfigurationPlatforms) = postSolution
		{E0B52AE7-E160-4D32-BF3F-910B785E5A8E}.Debug|x64.ActiveCfg = Debug|x64
		{E0B52AE7-E160-4D32-BF3F-910B785E5A8E}.Debug|x64.Build.0 = Debug|x64
		{E0B52AE7-E160-4D32-BF3F-910B785E5A8E}.Debug|x86.ActiveCfg = Debug|Win32
		{E0B52AE7-E160-4D32-BF3F-910B785E5A8E}.Debug|x86.Build.0 = Debug|Win32
		{E0B52AE7-E160-4D32-BF3F-910B785E5A8E}.Release|x64.ActiveCfg = Release|x64
		{E0B52AE7-E160-4D32-BF3F-910B785E5A8E}.Release|x64.Build.0 = Release|x64
		{E0B52AE7-E160-4D32-BF3F-910B785E5A8E}.Release|x86.ActiveCfg = Release|Win32
		{E0B52AE7-E160-4D32-BF3F-910B785E5A8E}.Release|x86.Build.0 = Release|Win32
		{B8EDF070-B535-401C-A1B7-55C6A2616BE0}.Debug|x64.ActiveCfg = Debug|x64
		{B8EDF070-B535-401C-A1B7-55C6A2616BE0}.Debug|x64.Build.0 = Debug|x64
		{B8EDF070-B535-401C-A1B7-55C6A2616BE0}.Debug|x86.ActiveCfg = Debug|Win32
		{B8EDF070-B535-401C-A1B7-55C6A2616BE0}.Debug|x86.Build.0 = Debug|Win32
		{B8EDF070-B535-401C-A1B7-55C6A2616BE0}.Release|x64.ActiveCfg = Release|x64
		{B8EDF070-B535-401C-A1B7-55C6A2616BE0}.Release|x64.Build.0 = Release|x64
		{B8EDF070-B535-401C-A1B7-55C6A2616BE0}.Release|x86.ActiveCfg = Release|Win32
		{B8EDF070-B535-401C-A1B7-55C6A2616BE0}.Release|x86.Build.0 = Release|Win32
		{070F5605-E5AA-477B-9B3D-65DCF70E2E91}.Debug|x64.ActiveCfg = Debug|x64
		{070F5605-E5AA-477B-9B3D-65DCF70E2E91}.Debug|x64.Build.0 = Debug|x64
		{070F5605-E5AA-477B-9B3D-65DCF70E2E91}.Debug|x86.ActiveCfg = Debug|Win32
		{070F5605-E5AA-477B-9B3D-65DCF70E2E91}.Debug|x86.Build.0 = Debug|Win32
		{070F5605-E5AA-477B-9B3D-65DCF70E2E91}.Release|x64.ActiveCfg = Release|x64
		{070F5605-E5AA-477B-9B3D-65DCF70E2E91}.Release|x64.Build.0 = Release|x64
		{070F5605-E5AA-477B-9B3D-65DCF70E2E91}.Release|x86.ActiveCfg = Release|Win32
		{070F5605-E5AA-477B-9B3D-65DCF70E2E91}.Release|x86.Build.0 = Release|Win32
		{EA83D09B-8C94-4CFB-9A35-37FBA6847F5D}.Debug|x64.ActiveCfg = Debug|x64
		{EA83D09B-8C94-4CFB-9A35-37FBA6847F5D}.Debug|x64.Build.0 = Debug|x64
		{EA83D09B-8C94-4CFB-9A35-37FBA6847F5D}.Debug|x86.ActiveCfg = Debug|Win32
		{EA83D09B-8C94-4CFB-9A35-37FBA6847F5D}.Debug|x86.Build.0 = Debug|Win32
		{EA83D09B-8C94-4CFB-9A35-37FBA6847F5D}.Release|x64.ActiveCfg = Release|x64
		{EA83D09B-8C94-4CFB-9A35-37FBA6847F5D}.Release|x64.Build.0 = Release|x64
		{EA83D09B-8C94-4CFB-9A35-37FBA6847F5D}.Release|x86.ActiveCfg = Release|Win32
		{EA83D09B-8C94-4CFB-9A35-37FBA6847F5D}.Release|x86.Build.0 = Release|Win32
		{17A3D436-30FA-43C5-BB09-61FD18E00DD2}.Debug|x64.ActiveCfg = Debug|x64
		{17A3D436-30FA-43C5-BB09-61FD18E00DD2}.Debug|x64.Build.0 = Debug|x64
		{17A3D436-30FA-43C5-BB09-61FD18E00DD2}.Debug|x86.ActiveCfg = Debug|Win32
		{17A3D436-30FA-43C5-BB09-61FD18E00DD2}.Debug|x86.Build.0 = Debug|Win32
		{17A3D436-30FA-43C5-BB09-61FD18E00DD2}.Release|x64.ActiveCfg = Release|x64
		{17A3D436-30FA-43C5-BB09-61FD18E00DD2}.Release|x64.Build.0 = Release|x64
		{17A3D436-30FA-43C5-BB09-61FD18E00DD2}.Release|x86.ActiveCfg = Release|Win32
		{17A3D436-30FA-43C5-BB09-61FD18E00DD2}.Release|x86.Build.0 = Release|Win32
		{27FCDF2C-D499-4F8E-A388-494AB948F151}.Debug|x64.ActiveCfg = Debug|x64
		{27FCDF2C-D499-4F8E-A388-494AB948F151}.Debug|x64.Build.0 = Debug|x64
		{27FCDF2C-D499-4F8E-A388-494AB948F151}.Debug|x86.ActiveCfg = Debug|Win32
		{27FCDF2C-D499-4F8E-A388-494AB948F151}.Debug|x86.Build.0 = Debug|Win32
		{27FCDF2C-D499-4F8E-A388-494AB948F151}.Release|x64.ActiveCfg = Release|x64
		{27FCDF2C-D499-4F8E-A388-494AB948F151}.Release|x64.Build.0 = Release|x64
		{27FCDF2C-D499-4F8E-A388-494AB948F151}.Release|x86.ActiveCfg = Release|Win32
		{27FCDF2C-D499-4F8E-A388-494AB948F151}.Release|x86.Build.0 = Release|Win32
		{2282D273-7EAA-4E3B-BC6B-A340C66E3E98}.Debug|x64.ActiveCfg = Debug|x64
		{2282D273-7EAA-4E3B-BC6B-A340C66E3E98}.Debug|x64.Build.0 = Debug|x64
		{2282D273-7EAA-4E3B-BC6B-A340C66E3E98}.Debug|x86.ActiveCfg = Debug|Win32
		{2282D273-7EAA-4E3B-BC6B-A340C66E3E98}.Debug|x86.Build.0 = Debug|Win32
		{2282D273-7EAA-4E3B-BC6B-A340C66E3E98}.Release|x64.ActiveCfg = Release|x64
		{2282D273-7EAA-4E3B-BC6B-A340C66E3E98}.Release|x64.Build.0 = Release|x64
		{2282D273-7EAA-4E3B-BC6B-A340C66E3E98}.Release|x86.ActiveCfg = Release|Win32
		{2282D273-7EAA-4E3B-BC6B-A340C66E3E98}.Release|x86.Build.0 = Release|Win32
		{CB7D9BCB-B2B7-4DA6-B867-0896B3781C26}.Debug|x64.ActiveCfg = Debug|x64
		{CB7D9BCB-B2B7-4DA6-B867-0896B3781C26}.Debug|x64.Build.0 = Debug|x64
		{CB7D9BCB-B2B7-4DA6-B867-0896B3781C26}.Debug|x86.ActiveCfg = Debug|Win32
		{CB7D9BCB-B2B7-4DA6-B867-0896B3781C26}.Debug|x86.Build.0 = Debug|Win32
		{CB7D9BCB-B2B7-4DA6-B867-0896B3781C26}.Release|x64.ActiveCfg = Release|x64
		{CB7D9BCB-B2B7-4DA6-B867-0896B3781C26}.Release|x64.Build.0 = Release|x64
		{CB7D9BCB-B2B7-4DA6-B867-0896B3781C26}.Release|x86.ActiveCfg = Release|Win32
		{CB7D9BCB-B2B7-4DA6-B867-0896B3781C26}.Release|x86.Build.0 = Release|Win32
		{204D0F51-A45E-425D-B282-E21B03BEF365}.Debug|x64.ActiveCfg = Debug|x64
		{204D0F51-A45E-425D-B282-E21B03BEF365}.Debug|x64.Build.0 = Debug|x64
		{204D0F51-A45E-425D-B282-E21B03BEF365}.Debug|x86.ActiveCfg = Debug|Win32
		{204D0F51-A45E-425D-B282-E21B03BEF365}.Debug|x86.Build.0 = Debug|Win32
		{204D0F51-A45E-425D-B282-E21B03BEF365}.Release|x64.ActiveCfg = Release|x64
		{204D0F51-A45E-425D-B282-E21B03BEF365}.Release|x64.Build.0 = Release|x64
		{204D0F51-A45E-425D-B282-E21B03BEF365}.Release|x86.ActiveCfg = Release|Win32
		{204D0F51-A45E-425D-B282-E21B03BEF365}.Release|x86.Build.0 = Release|Win32
		{78586700-4219-4506-B698-2F07F3814225}.Debug|x64.ActiveCfg = Debug|x64
		{78586700-4219-4506-B698-2F07F3814225}.Debug|x64.Build.0 = Debug|x64
		{78586700-4219-4506-B698-2F07F3814225}.Debug|x86.ActiveCfg = Debug|Win32
		{78586700-4219-4506-B698-2F07F3814225}.Debug|x86.Build.0 = Debug|Win32
		{78586700-4219-4506-B698-2F07F3814225}.Release|x64.ActiveCfg = Release|x64
		{78586700-4219-4506-B698-2F07F3814225}.Release|x64.Build.0 = Release|x64
		{78586700-4219-4506-B698-2F07F3814225}.Release|x86.ActiveCfg = Release|Win32
		{78586700-4219-4506-B698-2F07F3814225}.Release|x86.Build.0 = Release|Win32
		{93A8FAC3-09CF-4A8E-8AFB-55A7846799EA}.Debug|x64.ActiveCfg = Debug|x64
		{93A8FAC3-09CF-4A8E-8AFB-55A7846799EA}.Debug|x64.Build.0 = Debug|x64
		{93A8FAC3-09CF-4A8E-8AFB-55A7846799EA}.Debug|x86.ActiveCfg = Debug|Win32
		{93A8FAC3-09CF-4A8E-8AFB-55A7846799EA}.Debug|x86.Build.0 = Debug|Win32
		{93A8FAC3-09CF-4A8E-8AFB-55A7846799EA}.Release|x64.ActiveCfg = Release|x64
		{93A8FAC3-09CF-4A8E-8AFB-55A7846799EA}.Release|x64.Build.0 = Release|x64
		{93A8FAC3-09CF-4A8E-8AFB-55A7846799EA}.Release|x86.ActiveCfg = Release|Win32
		{93A8FAC3-09CF-4A8E-8AFB-55A7846799EA}.Release|x86.Build.0 = Release|Win32
		{582FD1E7-6658-4011-AE11-087EA6673D9F}.Debug|x64.ActiveCfg = Debug|x64
		{582FD1E7-6658-4011-AE11-087EA6673D9F}.Debug|x64.Build.0 = Debug|x64
		{582FD1E7-6658-4011-AE11-087EA6673D9F}.Debug|x86.ActiveCfg = Debug|Win32
		{582FD1E7-6658-4011-AE11-087EA6673D9F}.Debug|x86.Build.0 = Debug|Win32
		{582FD1E7-6658-4011-AE11-087EA6673D9F}.Release|x64.ActiveCfg = Release|x64
		{582FD1E7-6658-4011-AE11-087EA6673D9F}.Release|x64.Build.0 = Release|x64
		{582FD1E7-6658-4011-AE11-087EA6673D9F}.Release|x86.ActiveCfg = Release|Win32
		{582FD1E7-6658-4011-AE11-087EA6673D9F}.Release|x86.Build.0 = Release|Win32
		{26F606C5-4239-49F0-B3D4-C358526C2325}.Debug|x64.ActiveCfg = Debug|x64
		{26F606C5-4239-49F0-B3D4-C358526C2325}.Debug|x64.Build.0 = Debug|x64
		{26F606C5-4239-49F0-B3D4-C358526C2325}.Debug|x86.ActiveCfg = Debug|Win32
		{26F606C5-4239-49F0-B3D4-C358526C2325}.Debug|x86.Build.0 = Debug|Win32
		{26F606C5-4239-49F0-B3D4-C358526C2325}.Release|x64.ActiveCfg = Release|x64
		{26F606C5-4239-49F0-B3D4-C358526C2325}.Release|x64.Build.0 = Release|x64
		{26F606C5-4239-49F0-B3D4-C358526C2325}.Release|x86.ActiveCfg = Release|Win32
		{26F606C5-4239-49F0-B3D4-C358526C2325}.Release|x86.Build.0 = Release|Win32
	EndGlobalSection
	GlobalSection(SolutionProperties) = preSolution
		HideSolutionNode = FALSE
	EndGlobalSection
	GlobalSection(NestedProjects) = preSolution
		{E0B52AE7-E160-4D32-BF3F-910B785E5A8E} = {439BAB3F-1C64-4D17-831B-BD8651DD1254}
		{B8EDF070-B535-401C-A1B7-55C6A2616BE0} = {46F591EA-5171-40EC-94A6-1EB12E75A490}
		{070F5605-E5AA-477B-9B3D-65DCF70E2E91} = {46F591EA-5171-40EC-94A6-1EB12E75A490}
		{EA83D09B-8C94-4CFB-9A35-37FBA6847F5D} = {7B6E18FB-CD79-49C4-97C5-D086D5695059}
		{17A3D436-30FA-43C5-BB09-61FD18E00DD2} = {46F591EA-5171-40EC-94A6-1EB12E75A490}
		{27FCDF2C-D499-4F8E-A388-494AB948F151} = {46F591EA-5171-40EC-94A6-1EB12E75A490}
		{2282D273-7EAA-4E3B-BC6B-A340C66E3E98} = {46F591EA-5171-40EC-94A6-1EB12E75A490}
		{CB7D9BCB-B2B7-4DA6-B867-0896B3781C26} = {46F591EA-5171-40EC-94A6-1EB12E75A490}
		{204D0F51-A45E-425D-B282-E21B03BEF365} = {46F591EA-5171-40EC-94A6-1EB12E75A490}
		{78586700-4219-4506-B698-2F07F3814225} = {46F591EA-5171-40EC-94A6-1EB12E75A490}
		{93A8FAC3-09CF-4A8E-8AFB-55A7846799EA} = {439BAB3F-1C64-4D17-831B-BD8651DD1254}
		{582FD1E7-6658-4011-AE11-087EA6673D9F} = {7B6E18FB-CD79-49C4-97C5-D086D5695059}
		{26F606C5-4239-49F0-B3D4-C358526C2325} = {439BAB3F-1C64-4D17-831B-BD8651DD1254}
	EndGlobalSection
	GlobalSection(ExtensibilityGlobals) = postSolution
		SolutionGuid = {60F3AF3C-4EBC-4A83-80BA-51E9A60F0551}
	EndGlobalSection
EndGlobal
