<?xml version="1.0" encoding="utf-8"?>
<Project ToolsVersion="4.0" xmlns="http://schemas.microsoft.com/developer/msbuild/2003">
  <ItemGroup>
    <Filter Include="src">
      <UniqueIdentifier>{be2b7823-e625-4665-984d-edfa6171fe70}</UniqueIdentifier>
    </Filter>
    <Filter Include="src\GuiController">
      <UniqueIdentifier>{bb379983-a747-4df1-9513-3cfb34e72030}</UniqueIdentifier>
    </Filter>
    <Filter Include="src\GuiCreator">
      <UniqueIdentifier>{be63cb07-9b21-4e21-8bda-5ee39c122612}</UniqueIdentifier>
    </Filter>
    <Filter Include="src\Controllers">
      <UniqueIdentifier>{607ba65d-a401-4d2e-a0f7-ee6cc3c659e3}</UniqueIdentifier>
    </Filter>
  </ItemGroup>
  <ItemGroup>
    <ClCompile Include="stdafx.cpp">
      <Filter>src</Filter>
    </ClCompile>
    <ClCompile Include="LabelController.cpp">
      <Filter>src\Controllers</Filter>
    </ClCompile>
    <ClCompile Include="IGuiController.cpp">
      <Filter>src\GuiController</Filter>
    </ClCompile>
    <ClCompile Include="GuiCreator.cpp">
      <Filter>src\GuiCreator</Filter>
    </ClCompile>
    <ClCompile Include="GuiController.cpp">
      <Filter>src\GuiController</Filter>
    </ClCompile>
    <ClCompile Include="HealthBarController.cpp">
      <Filter>src\Controllers</Filter>
    </ClCompile>
  </ItemGroup>
  <ItemGroup>
    <ClInclude Include="stdafx.h">
      <Filter>src</Filter>
    </ClInclude>
    <ClInclude Include="GuiController.h">
      <Filter>src\GuiController</Filter>
    </ClInclude>
    <ClInclude Include="LabelController.h">
      <Filter>src\Controllers</Filter>
    </ClInclude>
    <ClInclude Include="IGuiController.h">
      <Filter>src\GuiController</Filter>
    </ClInclude>
    <ClInclude Include="GuiCreator.h">
      <Filter>src\GuiCreator</Filter>
    </ClInclude>
    <ClInclude Include="GuiControllerFwd.h">
      <Filter>src</Filter>
    </ClInclude>
    <ClInclude Include="GuiEvents.h">
      <Filter>src\GuiController</Filter>
    </ClInclude>
    <ClInclude Include="HealthBarController.h">
      <Filter>src\Controllers</Filter>
    </ClInclude>
  </ItemGroup>
</Project>