<?xml version="1.0" encoding="utf-8"?>
<Project ToolsVersion="4.0" xmlns="http://schemas.microsoft.com/developer/msbuild/2003">
  <ItemGroup>
    <Filter Include="src">
      <UniqueIdentifier>{f4c56fd9-ee2b-4684-ab6d-ae63252a76f7}</UniqueIdentifier>
    </Filter>
    <Filter Include="src\Engine">
      <UniqueIdentifier>{038fe22d-7da6-49af-a3c7-b9ab7c9e1718}</UniqueIdentifier>
    </Filter>
    <Filter Include="src\Resources">
      <UniqueIdentifier>{1f6ea69e-1807-4146-bb9b-f8f282907757}</UniqueIdentifier>
    </Filter>
    <Filter Include="src\Resources\ResourceTypes">
      <UniqueIdentifier>{b44ae756-7433-4752-b6d3-12f660a5dc2e}</UniqueIdentifier>
    </Filter>
  </ItemGroup>
  <ItemGroup>
    <ClInclude Include="stdafx.h">
      <Filter>src</Filter>
    </ClInclude>
    <ClInclude Include="Engine.h">
      <Filter>src\Engine</Filter>
    </ClInclude>
    <ClInclude Include="Callbacks.h">
      <Filter>src\Engine</Filter>
    </ClInclude>
    <ClInclude Include="IEngine.h">
      <Filter>src\Engine</Filter>
    </ClInclude>
    <ClInclude Include="EngineFwd.h">
      <Filter>src</Filter>
    </ClInclude>
    <ClInclude Include="IResource.h">
      <Filter>src\Resources\ResourceTypes</Filter>
    </ClInclude>
    <ClInclude Include="ModelResource.h">
      <Filter>src\Resources\ResourceTypes</Filter>
    </ClInclude>
    <ClInclude Include="ResourceController.h">
      <Filter>src\Resources</Filter>
    </ClInclude>
    <ClInclude Include="IResourceController.h">
      <Filter>src\Resources</Filter>
    </ClInclude>
  </ItemGroup>
  <ItemGroup>
    <ClCompile Include="stdafx.cpp">
      <Filter>src</Filter>
    </ClCompile>
    <ClCompile Include="Engine.cpp">
      <Filter>src\Engine</Filter>
    </ClCompile>
    <ClCompile Include="EngineRenderer.cpp">
      <Filter>src\Engine</Filter>
    </ClCompile>
    <ClCompile Include="IEngine.cpp">
      <Filter>src\Engine</Filter>
    </ClCompile>
    <ClCompile Include="ModelResource.cpp">
      <Filter>src\Resources\ResourceTypes</Filter>
    </ClCompile>
    <ClCompile Include="ResourceController.cpp">
      <Filter>src\Resources</Filter>
    </ClCompile>
    <ClCompile Include="IResourceController.cpp">
      <Filter>src\Resources</Filter>
    </ClCompile>
  </ItemGroup>
</Project>