<?xml version="1.0" encoding="utf-8"?>
<Project ToolsVersion="4.0" xmlns="http://schemas.microsoft.com/developer/msbuild/2003">
  <ItemGroup>
    <Filter Include="src">
      <UniqueIdentifier>{f4c56fd9-ee2b-4684-ab6d-ae63252a76f7}</UniqueIdentifier>
    </Filter>
    <Filter Include="src\Engine">
      <UniqueIdentifier>{038fe22d-7da6-49af-a3c7-b9ab7c9e1718}</UniqueIdentifier>
    </Filter>
    <Filter Include="src\Input">
      <UniqueIdentifier>{0a42fadd-d082-46ae-91b3-002b86859ce3}</UniqueIdentifier>
    </Filter>
    <Filter Include="src\Renderer">
      <UniqueIdentifier>{bbbf8a25-e3bf-49b5-bf61-7df0aae69f97}</UniqueIdentifier>
    </Filter>
  </ItemGroup>
  <ItemGroup>
    <ClInclude Include="stdafx.h">
      <Filter>src</Filter>
    </ClInclude>
    <ClInclude Include="Engine.h">
      <Filter>src\Engine</Filter>
    </ClInclude>
    <ClInclude Include="Callbacks.h">
      <Filter>src\Engine</Filter>
    </ClInclude>
    <ClInclude Include="IEngine.h">
      <Filter>src\Engine</Filter>
    </ClInclude>
    <ClInclude Include="EngineFwd.h">
      <Filter>src</Filter>
    </ClInclude>
  </ItemGroup>
  <ItemGroup>
    <ClCompile Include="stdafx.cpp">
      <Filter>src</Filter>
    </ClCompile>
    <ClCompile Include="Engine.cpp">
      <Filter>src\Engine</Filter>
    </ClCompile>
    <ClCompile Include="IEngine.cpp">
      <Filter>src\Engine</Filter>
    </ClCompile>
    <ClCompile Include="Engine_Input.cpp">
      <Filter>src\Input</Filter>
    </ClCompile>
    <ClCompile Include="Engine_Renderer.cpp">
      <Filter>src\Renderer</Filter>
    </ClCompile>
  </ItemGroup>
</Project>