<?xml version="1.0" encoding="utf-8"?>
<Project ToolsVersion="4.0" xmlns="http://schemas.microsoft.com/developer/msbuild/2003">
  <ItemGroup>
    <Filter Include="src">
      <UniqueIdentifier>{387aa337-d2f3-468a-888a-9362329eef7c}</UniqueIdentifier>
    </Filter>
    <Filter Include="src\InputDevice">
      <UniqueIdentifier>{b9292bc2-898a-454e-9dc7-342582376412}</UniqueIdentifier>
    </Filter>
    <Filter Include="src\Messages">
      <UniqueIdentifier>{3c18f429-c81d-412a-b58a-8c98d17bccbc}</UniqueIdentifier>
    </Filter>
    <Filter Include="src\Keyboard">
      <UniqueIdentifier>{3ab50807-e9df-46c8-99ac-fd12f081c0ee}</UniqueIdentifier>
    </Filter>
  </ItemGroup>
  <ItemGroup>
    <ClCompile Include="stdafx.cpp">
      <Filter>src</Filter>
    </ClCompile>
    <ClCompile Include="InputDevice.cpp">
      <Filter>src\InputDevice</Filter>
    </ClCompile>
    <ClCompile Include="IInputDevice.cpp">
      <Filter>src\InputDevice</Filter>
    </ClCompile>
    <ClCompile Include="InputDevice_Messages.cpp">
      <Filter>src\Messages</Filter>
    </ClCompile>
    <ClCompile Include="KeyboardState.cpp">
      <Filter>src\Keyboard</Filter>
    </ClCompile>
  </ItemGroup>
  <ItemGroup>
    <ClInclude Include="stdafx.h">
      <Filter>src</Filter>
    </ClInclude>
    <ClInclude Include="InputDevice.h">
      <Filter>src\InputDevice</Filter>
    </ClInclude>
    <ClInclude Include="InputDeviceFwd.h">
      <Filter>src</Filter>
    </ClInclude>
    <ClInclude Include="IInputDevice.h">
      <Filter>src\InputDevice</Filter>
    </ClInclude>
    <ClInclude Include="InputMessage.h">
      <Filter>src\Messages</Filter>
    </ClInclude>
    <ClInclude Include="KeyboardState.h">
      <Filter>src\Keyboard</Filter>
    </ClInclude>
    <ClInclude Include="KeyboardKeys.h">
      <Filter>src\Keyboard</Filter>
    </ClInclude>
  </ItemGroup>
</Project>