<?xml version="1.0" encoding="utf-8"?>
<Project ToolsVersion="4.0" xmlns="http://schemas.microsoft.com/developer/msbuild/2003">
  <ItemGroup>
    <Filter Include="src">
      <UniqueIdentifier>{b47b487e-8eac-4757-b17b-29008ab5a656}</UniqueIdentifier>
    </Filter>
    <Filter Include="src\RenderDevice">
      <UniqueIdentifier>{8cc891c0-3378-44db-a4cc-a3ce39f9bda1}</UniqueIdentifier>
    </Filter>
    <Filter Include="src\Drawer">
      <UniqueIdentifier>{62a6fdf6-cc17-4e12-adf6-8e2582a88e7b}</UniqueIdentifier>
    </Filter>
    <Filter Include="src\Camera">
      <UniqueIdentifier>{17410187-afc1-4479-b6d6-10092edbd729}</UniqueIdentifier>
    </Filter>
    <Filter Include="src\Resources">
      <UniqueIdentifier>{ddcb04d9-708b-4dbf-b638-236a1a041335}</UniqueIdentifier>
    </Filter>
    <Filter Include="src\Resources\ResourceTypes">
      <UniqueIdentifier>{572e44ab-42dc-4f03-9084-d1c91d73c562}</UniqueIdentifier>
    </Filter>
  </ItemGroup>
  <ItemGroup>
    <ClInclude Include="stdafx.h">
      <Filter>src</Filter>
    </ClInclude>
    <ClInclude Include="RenderDevice.h">
      <Filter>src\RenderDevice</Filter>
    </ClInclude>
    <ClInclude Include="RenderApiFwd.h">
      <Filter>src</Filter>
    </ClInclude>
    <ClInclude Include="IRenderDevice.h">
      <Filter>src\RenderDevice</Filter>
    </ClInclude>
    <ClInclude Include="Drawer.h">
      <Filter>src\Drawer</Filter>
    </ClInclude>
    <ClInclude Include="Camera.h">
      <Filter>src\Camera</Filter>
    </ClInclude>
    <ClInclude Include="ICamera.h">
      <Filter>src\Camera</Filter>
    </ClInclude>
    <ClInclude Include="IResource.h">
      <Filter>src\Resources\ResourceTypes</Filter>
    </ClInclude>
    <ClInclude Include="ModelResource.h">
      <Filter>src\Resources\ResourceTypes</Filter>
    </ClInclude>
    <ClInclude Include="ResourceController.h">
      <Filter>src\Resources</Filter>
    </ClInclude>
    <ClInclude Include="IResourceController.h">
      <Filter>src\Resources</Filter>
    </ClInclude>
  </ItemGroup>
  <ItemGroup>
    <ClCompile Include="stdafx.cpp">
      <Filter>src</Filter>
    </ClCompile>
    <ClCompile Include="RenderDevice.cpp">
      <Filter>src\RenderDevice</Filter>
    </ClCompile>
    <ClCompile Include="IRenderDevice.cpp">
      <Filter>src\RenderDevice</Filter>
    </ClCompile>
    <ClCompile Include="Drawer.cpp">
      <Filter>src\Drawer</Filter>
    </ClCompile>
    <ClCompile Include="Camera.cpp">
      <Filter>src\Camera</Filter>
    </ClCompile>
    <ClCompile Include="ICamera.cpp">
      <Filter>src\Camera</Filter>
    </ClCompile>
    <ClCompile Include="ModelResource.cpp">
      <Filter>src\Resources\ResourceTypes</Filter>
    </ClCompile>
    <ClCompile Include="ResourceController.cpp">
      <Filter>src\Resources</Filter>
    </ClCompile>
  </ItemGroup>
</Project>