<?xml version="1.0" encoding="utf-8"?>
<Project ToolsVersion="4.0" xmlns="http://schemas.microsoft.com/developer/msbuild/2003">
  <ItemGroup>
    <Filter Include="src">
      <UniqueIdentifier>{cde8bb1f-7b9f-40c7-8ba2-73babc4f7004}</UniqueIdentifier>
    </Filter>
    <Filter Include="src\App">
      <UniqueIdentifier>{f749be68-a8fc-4ecd-a9a0-3d0c493dc178}</UniqueIdentifier>
    </Filter>
    <Filter Include="src\WindowsApi">
      <UniqueIdentifier>{1c15ad04-a0c0-48e7-a59d-83da380e2d71}</UniqueIdentifier>
    </Filter>
    <Filter Include="src\SettingsController">
      <UniqueIdentifier>{f7250c33-2cd6-4b25-b02c-f90c661a0e7f}</UniqueIdentifier>
    </Filter>
  </ItemGroup>
  <ItemGroup>
    <ClCompile Include="stdafx.cpp">
      <Filter>src</Filter>
    </ClCompile>
    <ClCompile Include="main.cpp">
      <Filter>src</Filter>
    </ClCompile>
    <ClCompile Include="App.cpp">
      <Filter>src\App</Filter>
    </ClCompile>
    <ClCompile Include="WindowCreator.cpp">
      <Filter>src\WindowsApi</Filter>
    </ClCompile>
    <ClCompile Include="SettingsController.cpp">
      <Filter>src\SettingsController</Filter>
    </ClCompile>
    <ClCompile Include="App_Wm.cpp">
      <Filter>src\App</Filter>
    </ClCompile>
    <ClCompile Include="App_Callbacks.cpp">
      <Filter>src\App</Filter>
    </ClCompile>
  </ItemGroup>
  <ItemGroup>
    <ClInclude Include="stdafx.h">
      <Filter>src</Filter>
    </ClInclude>
    <ClInclude Include="App.h">
      <Filter>src\App</Filter>
    </ClInclude>
    <ClInclude Include="WindowCreator.h">
      <Filter>src\WindowsApi</Filter>
    </ClInclude>
    <ClInclude Include="SettingsController.h">
      <Filter>src\SettingsController</Filter>
    </ClInclude>
  </ItemGroup>
</Project>