<?xml version="1.0" encoding="utf-8"?>
<Project ToolsVersion="4.0" xmlns="http://schemas.microsoft.com/developer/msbuild/2003">
  <ItemGroup>
    <Filter Include="src">
      <UniqueIdentifier>{cd42b7a7-7216-4256-8812-948a55cacca2}</UniqueIdentifier>
    </Filter>
    <Filter Include="src\Guis">
      <UniqueIdentifier>{2e7019c3-34fe-4b28-97ff-e9b509523f76}</UniqueIdentifier>
    </Filter>
    <Filter Include="src\Huds">
      <UniqueIdentifier>{450184a4-071a-4655-a9a0-4dc8b9bfb086}</UniqueIdentifier>
    </Filter>
    <Filter Include="src\Collections">
      <UniqueIdentifier>{5c13a645-0b36-4a33-ae47-cb38c3b0a60f}</UniqueIdentifier>
    </Filter>
  </ItemGroup>
  <ItemGroup>
    <ClInclude Include="stdafx.h">
      <Filter>src</Filter>
    </ClInclude>
    <ClInclude Include="IGui.h">
      <Filter>src\Guis</Filter>
    </ClInclude>
    <ClInclude Include="Label.h">
      <Filter>src\Guis</Filter>
    </ClInclude>
    <ClInclude Include="GuiCollection.h">
      <Filter>src\Collections</Filter>
    </ClInclude>
    <ClInclude Include="GuiModelFwd.h">
      <Filter>src</Filter>
    </ClInclude>
    <ClInclude Include="Panel.h">
      <Filter>src\Guis</Filter>
    </ClInclude>
    <ClInclude Include="HealthBar.h">
      <Filter>src\Guis</Filter>
    </ClInclude>
    <ClInclude Include="CurrentActionPanel.h">
      <Filter>src\Guis</Filter>
    </ClInclude>
    <ClInclude Include="IHud.h">
      <Filter>src\Huds</Filter>
    </ClInclude>
    <ClInclude Include="HudCollection.h">
      <Filter>src\Collections</Filter>
    </ClInclude>
    <ClInclude Include="CollisionShapeHud.h">
      <Filter>src\Huds</Filter>
    </ClInclude>
  </ItemGroup>
  <ItemGroup>
    <ClCompile Include="stdafx.cpp">
      <Filter>src</Filter>
    </ClCompile>
    <ClCompile Include="Label.cpp">
      <Filter>src\Guis</Filter>
    </ClCompile>
    <ClCompile Include="Panel.cpp">
      <Filter>src\Guis</Filter>
    </ClCompile>
    <ClCompile Include="HealthBar.cpp">
      <Filter>src\Guis</Filter>
    </ClCompile>
    <ClCompile Include="CurrentActionPanel.cpp">
      <Filter>src\Guis</Filter>
    </ClCompile>
  </ItemGroup>
</Project>