<?xml version="1.0" encoding="utf-8"?>
<Project ToolsVersion="4.0" xmlns="http://schemas.microsoft.com/developer/msbuild/2003">
  <ItemGroup>
    <Filter Include="src">
      <UniqueIdentifier>{aaccc98e-2dec-41f9-b5f5-1c0f2e0547e1}</UniqueIdentifier>
    </Filter>
    <Filter Include="src\Math">
      <UniqueIdentifier>{a1d67e7c-6c19-4f48-854d-ef380aa353d2}</UniqueIdentifier>
    </Filter>
    <Filter Include="src\Timer">
      <UniqueIdentifier>{38ef2dd5-1fa9-48e8-9ab6-1aa5887bc709}</UniqueIdentifier>
    </Filter>
    <Filter Include="src\Strings">
      <UniqueIdentifier>{2464c6fa-eb4e-4594-96ad-58a9e915a29d}</UniqueIdentifier>
    </Filter>
    <Filter Include="libs">
      <UniqueIdentifier>{8af4ec12-4637-4254-949a-e3cb5b000f12}</UniqueIdentifier>
    </Filter>
    <Filter Include="src\FileSystem">
      <UniqueIdentifier>{7c444a1c-68b8-4d43-8f20-9a9d5a65e475}</UniqueIdentifier>
    </Filter>
    <Filter Include="src\Events">
      <UniqueIdentifier>{c241b64f-1014-44a6-a628-84eee6ed34d1}</UniqueIdentifier>
    </Filter>
    <Filter Include="src\Helpers">
      <UniqueIdentifier>{ef69d503-2a1a-4358-9f5b-c7aca71b0f4b}</UniqueIdentifier>
    </Filter>
  </ItemGroup>
  <ItemGroup>
    <ClInclude Include="stdafx.h">
      <Filter>src</Filter>
    </ClInclude>
    <ClInclude Include="Vector.h">
      <Filter>src\Math</Filter>
    </ClInclude>
    <ClInclude Include="SdkFwd.h">
      <Filter>src</Filter>
    </ClInclude>
    <ClInclude Include="Common.h">
      <Filter>src</Filter>
    </ClInclude>
    <ClInclude Include="Timer.h">
      <Filter>src\Timer</Filter>
    </ClInclude>
    <ClInclude Include="StringUtils.h">
      <Filter>src\Strings</Filter>
    </ClInclude>
    <ClInclude Include="dirent.h">
      <Filter>libs</Filter>
    </ClInclude>
    <ClInclude Include="FileSystemUtils.h">
      <Filter>src\FileSystem</Filter>
    </ClInclude>
    <ClInclude Include="Math.h">
      <Filter>src\Math</Filter>
    </ClInclude>
    <ClInclude Include="IEvent.h">
      <Filter>src\Events</Filter>
    </ClInclude>
    <ClInclude Include="EventHandler.h">
      <Filter>src\Events</Filter>
    </ClInclude>
    <ClInclude Include="Property.h">
      <Filter>src\Helpers</Filter>
    </ClInclude>
    <ClInclude Include="IPosition3.h">
      <Filter>src\Helpers</Filter>
    </ClInclude>
    <ClInclude Include="IRotation3.h">
      <Filter>src\Helpers</Filter>
    </ClInclude>
    <ClInclude Include="IVisibility.h">
      <Filter>src\Helpers</Filter>
    </ClInclude>
    <ClInclude Include="IUniqueId.h">
      <Filter>src\Helpers</Filter>
    </ClInclude>
    <ClInclude Include="ISpeed3.h">
      <Filter>src\Helpers</Filter>
    </ClInclude>
  </ItemGroup>
  <ItemGroup>
    <ClCompile Include="stdafx.cpp">
      <Filter>src</Filter>
    </ClCompile>
    <ClCompile Include="Vector.cpp">
      <Filter>src\Math</Filter>
    </ClCompile>
    <ClCompile Include="EventHandler.cpp">
      <Filter>src\Events</Filter>
    </ClCompile>
    <ClCompile Include="IUniqueId.cpp">
      <Filter>src\Helpers</Filter>
    </ClCompile>
  </ItemGroup>
</Project>