<?xml version="1.0" encoding="utf-8"?>
<Project ToolsVersion="4.0" xmlns="http://schemas.microsoft.com/developer/msbuild/2003">
  <ItemGroup>
    <Filter Include="src">
      <UniqueIdentifier>{bf2a7768-aad5-49df-be90-36fe6461527a}</UniqueIdentifier>
    </Filter>
    <Filter Include="src\World">
      <UniqueIdentifier>{affb2389-91ea-4647-b6b8-29844f795483}</UniqueIdentifier>
    </Filter>
    <Filter Include="src\Gui">
      <UniqueIdentifier>{0b33205e-565f-43b9-ab7c-808815d5062d}</UniqueIdentifier>
    </Filter>
    <Filter Include="src\GameVm">
      <UniqueIdentifier>{df7bbe06-5aa7-450a-8af2-94fcc5196991}</UniqueIdentifier>
    </Filter>
  </ItemGroup>
  <ItemGroup>
    <ClInclude Include="stdafx.h">
      <Filter>src</Filter>
    </ClInclude>
    <ClInclude Include="TerrainVm.h">
      <Filter>src\World</Filter>
    </ClInclude>
    <ClInclude Include="ObjectVm.h">
      <Filter>src\World</Filter>
    </ClInclude>
    <ClInclude Include="WorldVm.h">
      <Filter>src\World</Filter>
    </ClInclude>
    <ClInclude Include="ViewModelFwd.h">
      <Filter>src</Filter>
    </ClInclude>
    <ClInclude Include="LabelVm.h">
      <Filter>src\Gui</Filter>
    </ClInclude>
    <ClInclude Include="GuiCollectionVm.h">
      <Filter>src\Gui</Filter>
    </ClInclude>
    <ClInclude Include="GuiVm.h">
      <Filter>src\Gui</Filter>
    </ClInclude>
    <ClInclude Include="GameVm.h">
      <Filter>src\GameVm</Filter>
    </ClInclude>
  </ItemGroup>
  <ItemGroup>
    <ClCompile Include="stdafx.cpp">
      <Filter>src</Filter>
    </ClCompile>
    <ClCompile Include="TerrainVm.cpp">
      <Filter>src\World</Filter>
    </ClCompile>
    <ClCompile Include="ObjectVm.cpp">
      <Filter>src\World</Filter>
    </ClCompile>
    <ClCompile Include="WorldVm.cpp">
      <Filter>src\World</Filter>
    </ClCompile>
    <ClCompile Include="LabelVm.cpp">
      <Filter>src\Gui</Filter>
    </ClCompile>
    <ClCompile Include="GuiCollectionVm.cpp">
      <Filter>src\Gui</Filter>
    </ClCompile>
    <ClCompile Include="GameVm.cpp">
      <Filter>src\GameVm</Filter>
    </ClCompile>
  </ItemGroup>
</Project>